
Microsoft Visual Studio Solution File, Format Version 12.00
# Visual Studio Version 17
VisualStudioVersion = 17.4.33213.308
MinimumVisualStudioVersion = 10.0.40219.1
Project("{FAE04EC0-301F-11D3-BF4B-00C04F79EFBC}") = "Practice2PersonProceed", "Practice2PersonProceed\Practice2PersonProceed.csproj", "{C7389078-1E84-4263-8F5B-45A12899AF51}"
EndProject
Global
	GlobalSection(SolutionConfigurationPlatforms) = preSolution
		Debug|Any CPU = Debug|Any CPU
		Release|Any CPU = Release|Any CPU
	EndGlobalSection
	GlobalSection(ProjectConfigurationPlatforms) = postSolution
		{C7389078-1E84-4263-8F5B-45A12899AF51}.Debug|Any CPU.ActiveCfg = Debug|Any CPU
		{C7389078-1E84-4263-8F5B-45A12899AF51}.Debug|Any CPU.Build.0 = Debug|Any CPU
		{C7389078-1E84-4263-8F5B-45A12899AF51}.Release|Any CPU.ActiveCfg = Release|Any CPU
		{C7389078-1E84-4263-8F5B-45A12899AF51}.Release|Any CPU.Build.0 = Release|Any CPU
	EndGlobalSection
	GlobalSection(SolutionProperties) = preSolution
		HideSolutionNode = FALSE
	EndGlobalSection
	GlobalSection(ExtensibilityGlobals) = postSolution
		SolutionGuid = {560920E0-AA98-4861-8A9B-BD987D745D08}
	EndGlobalSection
EndGlobal
