
Microsoft Visual Studio Solution File, Format Version 12.00
# Visual Studio Version 17
VisualStudioVersion = 17.4.33213.308
MinimumVisualStudioVersion = 10.0.40219.1
Project("{FAE04EC0-301F-11D3-BF4B-00C04F79EFBC}") = "Practice4Users", "Practice4Users\Practice4Users.csproj", "{9D29692E-65D3-4FF6-B627-3F218A07F59E}"
EndProject
Global
	GlobalSection(SolutionConfigurationPlatforms) = preSolution
		Debug|Any CPU = Debug|Any CPU
		Release|Any CPU = Release|Any CPU
	EndGlobalSection
	GlobalSection(ProjectConfigurationPlatforms) = postSolution
		{9D29692E-65D3-4FF6-B627-3F218A07F59E}.Debug|Any CPU.ActiveCfg = Debug|Any CPU
		{9D29692E-65D3-4FF6-B627-3F218A07F59E}.Debug|Any CPU.Build.0 = Debug|Any CPU
		{9D29692E-65D3-4FF6-B627-3F218A07F59E}.Release|Any CPU.ActiveCfg = Release|Any CPU
		{9D29692E-65D3-4FF6-B627-3F218A07F59E}.Release|Any CPU.Build.0 = Release|Any CPU
	EndGlobalSection
	GlobalSection(SolutionProperties) = preSolution
		HideSolutionNode = FALSE
	EndGlobalSection
	GlobalSection(ExtensibilityGlobals) = postSolution
		SolutionGuid = {DF2F7392-874B-4538-80EE-98B23FFDFDDC}
	EndGlobalSection
EndGlobal
